
Microsoft Visual Studio Solution File, Format Version 12.00
# Visual Studio 15
VisualStudioVersion = 15.0.27703.2042
MinimumVisualStudioVersion = 10.0.40219.1
Project("{FAE04EC0-301F-11D3-BF4B-00C04F79EFBC}") = "Gateway", "Gateway\Gateway.csproj", "{0BE0386E-86D7-4A8B-A030-E36F1D63F0D4}"
EndProject
Project("{FAE04EC0-301F-11D3-BF4B-00C04F79EFBC}") = "Store", "Store\Store.csproj", "{38062659-E79C-4370-9185-220754DB0833}"
EndProject
Project("{FAE04EC0-301F-11D3-BF4B-00C04F79EFBC}") = "Dashbord", "Dashbord\Dashbord.csproj", "{2E116E5B-D9FA-4E01-8FED-7D2DBA42353B}"
EndProject
Global
	GlobalSection(SolutionConfigurationPlatforms) = preSolution
		Debug|Any CPU = Debug|Any CPU
		Release|Any CPU = Release|Any CPU
	EndGlobalSection
	GlobalSection(ProjectConfigurationPlatforms) = postSolution
		{0BE0386E-86D7-4A8B-A030-E36F1D63F0D4}.Debug|Any CPU.ActiveCfg = Debug|Any CPU
		{0BE0386E-86D7-4A8B-A030-E36F1D63F0D4}.Debug|Any CPU.Build.0 = Debug|Any CPU
		{0BE0386E-86D7-4A8B-A030-E36F1D63F0D4}.Release|Any CPU.ActiveCfg = Release|Any CPU
		{0BE0386E-86D7-4A8B-A030-E36F1D63F0D4}.Release|Any CPU.Build.0 = Release|Any CPU
		{38062659-E79C-4370-9185-220754DB0833}.Debug|Any CPU.ActiveCfg = Debug|Any CPU
		{38062659-E79C-4370-9185-220754DB0833}.Debug|Any CPU.Build.0 = Debug|Any CPU
		{38062659-E79C-4370-9185-220754DB0833}.Release|Any CPU.ActiveCfg = Release|Any CPU
		{38062659-E79C-4370-9185-220754DB0833}.Release|Any CPU.Build.0 = Release|Any CPU
		{2E116E5B-D9FA-4E01-8FED-7D2DBA42353B}.Debug|Any CPU.ActiveCfg = Debug|Any CPU
		{2E116E5B-D9FA-4E01-8FED-7D2DBA42353B}.Debug|Any CPU.Build.0 = Debug|Any CPU
		{2E116E5B-D9FA-4E01-8FED-7D2DBA42353B}.Release|Any CPU.ActiveCfg = Release|Any CPU
		{2E116E5B-D9FA-4E01-8FED-7D2DBA42353B}.Release|Any CPU.Build.0 = Release|Any CPU
	EndGlobalSection
	GlobalSection(SolutionProperties) = preSolution
		HideSolutionNode = FALSE
	EndGlobalSection
	GlobalSection(ExtensibilityGlobals) = postSolution
		SolutionGuid = {8C4A4C75-D8FF-4F8E-AA14-FD12DBF544F8}
	EndGlobalSection
EndGlobal
